
Microsoft Visual Studio Solution File, Format Version 11.00
# Visual Studio 2010
Project("{FAE04EC0-301F-11D3-BF4B-00C04F79EFBC}") = "Experience Game Jam #4", "Assembly-CSharp.csproj", "{0F52A4E4-99AF-6DFE-25E5-777A02F95E2E}"
EndProject
Project("{FAE04EC0-301F-11D3-BF4B-00C04F79EFBC}") = "Experience Game Jam #4", "Assembly-CSharp-Editor.csproj", "{82AE74E3-3769-2D0A-DD36-B64AAD591C67}"
EndProject
Global
	GlobalSection(SolutionConfigurationPlatforms) = preSolution
		Debug|Any CPU = Debug|Any CPU
		Release|Any CPU = Release|Any CPU
	EndGlobalSection
	GlobalSection(ProjectConfigurationPlatforms) = postSolution
		{0F52A4E4-99AF-6DFE-25E5-777A02F95E2E}.Debug|Any CPU.ActiveCfg = Debug|Any CPU
		{0F52A4E4-99AF-6DFE-25E5-777A02F95E2E}.Debug|Any CPU.Build.0 = Debug|Any CPU
		{0F52A4E4-99AF-6DFE-25E5-777A02F95E2E}.Release|Any CPU.ActiveCfg = Release|Any CPU
		{0F52A4E4-99AF-6DFE-25E5-777A02F95E2E}.Release|Any CPU.Build.0 = Release|Any CPU
		{82AE74E3-3769-2D0A-DD36-B64AAD591C67}.Debug|Any CPU.ActiveCfg = Debug|Any CPU
		{82AE74E3-3769-2D0A-DD36-B64AAD591C67}.Debug|Any CPU.Build.0 = Debug|Any CPU
		{82AE74E3-3769-2D0A-DD36-B64AAD591C67}.Release|Any CPU.ActiveCfg = Release|Any CPU
		{82AE74E3-3769-2D0A-DD36-B64AAD591C67}.Release|Any CPU.Build.0 = Release|Any CPU
	EndGlobalSection
	GlobalSection(SolutionProperties) = preSolution
		HideSolutionNode = FALSE
	EndGlobalSection
	GlobalSection(MonoDevelopProperties) = preSolution
		StartupItem = Assembly-CSharp.csproj
	EndGlobalSection
EndGlobal
