
Microsoft Visual Studio Solution File, Format Version 12.00
# Visual Studio 2017
Project("{FAE04EC0-301F-11D3-BF4B-00C04F79EFBC}") = "Experience Game Jam #4", "Experience Game Jam #4.csproj", "{70963869-56B3-1C2F-3B84-859FEABC3F8D}"
EndProject
Project("{FAE04EC0-301F-11D3-BF4B-00C04F79EFBC}") = "Experience Game Jam #4.Editor", "Experience Game Jam #4.Editor.csproj", "{7C00AED4-28B6-1C4A-5FEE-3847A5D9BD82}"
EndProject
Global
	GlobalSection(SolutionConfigurationPlatforms) = preSolution
		Debug|Any CPU = Debug|Any CPU
		Release|Any CPU = Release|Any CPU
	EndGlobalSection
	GlobalSection(ProjectConfigurationPlatforms) = postSolution
		{70963869-56B3-1C2F-3B84-859FEABC3F8D}.Debug|Any CPU.ActiveCfg = Debug|Any CPU
		{70963869-56B3-1C2F-3B84-859FEABC3F8D}.Debug|Any CPU.Build.0 = Debug|Any CPU
		{70963869-56B3-1C2F-3B84-859FEABC3F8D}.Release|Any CPU.ActiveCfg = Release|Any CPU
		{70963869-56B3-1C2F-3B84-859FEABC3F8D}.Release|Any CPU.Build.0 = Release|Any CPU
		{7C00AED4-28B6-1C4A-5FEE-3847A5D9BD82}.Debug|Any CPU.ActiveCfg = Debug|Any CPU
		{7C00AED4-28B6-1C4A-5FEE-3847A5D9BD82}.Debug|Any CPU.Build.0 = Debug|Any CPU
		{7C00AED4-28B6-1C4A-5FEE-3847A5D9BD82}.Release|Any CPU.ActiveCfg = Release|Any CPU
		{7C00AED4-28B6-1C4A-5FEE-3847A5D9BD82}.Release|Any CPU.Build.0 = Release|Any CPU
	EndGlobalSection
	GlobalSection(SolutionProperties) = preSolution
		HideSolutionNode = FALSE
	EndGlobalSection
EndGlobal
